// !$*UTF8*$!
{
	archiveVersion = 1;
	classes = {
	};
	objectVersion = 52;
	objects = {

/* Begin PBXBuildFile section */
		1A220C23256DF35900594852 /* AppDelegate.swift in Sources */ = {isa = PBXBuildFile; fileRef = 1A220C22256DF35900594852 /* AppDelegate.swift */; };
		1A220C25256DF35900594852 /* SceneDelegate.swift in Sources */ = {isa = PBXBuildFile; fileRef = 1A220C24256DF35900594852 /* SceneDelegate.swift */; };
		1A220C27256DF35900594852 /* ViewController.swift in Sources */ = {isa = PBXBuildFile; fileRef = 1A220C26256DF35900594852 /* ViewController.swift */; };
		1A220C2A256DF35900594852 /* Main.storyboard in Resources */ = {isa = PBXBuildFile; fileRef = 1A220C28256DF35900594852 /* Main.storyboard */; };
		1A220C2C256DF35900594852 /* Assets.xcassets in Resources */ = {isa = PBXBuildFile; fileRef = 1A220C2B256DF35900594852 /* Assets.xcassets */; };
		1A220C2F256DF35900594852 /* LaunchScreen.storyboard in Resources */ = {isa = PBXBuildFile; fileRef = 1A220C2D256DF35900594852 /* LaunchScreen.storyboard */; };
		1A220C3A256DF35A00594852 /* testCocoaPodsLaunchTimeTests.swift in Sources */ = {isa = PBXBuildFile; fileRef = 1A220C39256DF35A00594852 /* testCocoaPodsLaunchTimeTests.swift */; };
		1A220C45256DF35A00594852 /* testCocoaPodsLaunchTimeUITests.swift in Sources */ = {isa = PBXBuildFile; fileRef = 1A220C44256DF35A00594852 /* testCocoaPodsLaunchTimeUITests.swift */; };
		1A220C57256DF35D00594852 /* ViewController.swift in Sources */ = {isa = PBXBuildFile; fileRef = 1A220C26256DF35900594852 /* ViewController.swift */; };
		1A220C58256DF35D00594852 /* AppDelegate.swift in Sources */ = {isa = PBXBuildFile; fileRef = 1A220C22256DF35900594852 /* AppDelegate.swift */; };
		1A220C59256DF35D00594852 /* SceneDelegate.swift in Sources */ = {isa = PBXBuildFile; fileRef = 1A220C24256DF35900594852 /* SceneDelegate.swift */; };
		1A220C5C256DF35D00594852 /* LaunchScreen.storyboard in Resources */ = {isa = PBXBuildFile; fileRef = 1A220C2D256DF35900594852 /* LaunchScreen.storyboard */; };
		1A220C5D256DF35D00594852 /* Assets.xcassets in Resources */ = {isa = PBXBuildFile; fileRef = 1A220C2B256DF35900594852 /* Assets.xcassets */; };
		1A220C5E256DF35D00594852 /* Main.storyboard in Resources */ = {isa = PBXBuildFile; fileRef = 1A220C28256DF35900594852 /* Main.storyboard */; };
		1A88CC47256E0A7800B80C8C /* ViewController.swift in Sources */ = {isa = PBXBuildFile; fileRef = 1A220C26256DF35900594852 /* ViewController.swift */; };
		1A88CC48256E0A7800B80C8C /* AppDelegate.swift in Sources */ = {isa = PBXBuildFile; fileRef = 1A220C22256DF35900594852 /* AppDelegate.swift */; };
		1A88CC49256E0A7800B80C8C /* SceneDelegate.swift in Sources */ = {isa = PBXBuildFile; fileRef = 1A220C24256DF35900594852 /* SceneDelegate.swift */; };
		1A88CC4D256E0A7800B80C8C /* LaunchScreen.storyboard in Resources */ = {isa = PBXBuildFile; fileRef = 1A220C2D256DF35900594852 /* LaunchScreen.storyboard */; };
		1A88CC4E256E0A7800B80C8C /* Assets.xcassets in Resources */ = {isa = PBXBuildFile; fileRef = 1A220C2B256DF35900594852 /* Assets.xcassets */; };
		1A88CC4F256E0A7800B80C8C /* Main.storyboard in Resources */ = {isa = PBXBuildFile; fileRef = 1A220C28256DF35900594852 /* Main.storyboard */; };
		1A88CC68256E0B1F00B80C8C /* PSPDFKit.xcframework in Frameworks */ = {isa = PBXBuildFile; fileRef = 1A88CC67256E0B1F00B80C8C /* PSPDFKit.xcframework */; };
		1A88CCA8256E101F00B80C8C /* PSPDFKitUI.xcframework in Frameworks */ = {isa = PBXBuildFile; fileRef = 1A88CCA7256E101F00B80C8C /* PSPDFKitUI.xcframework */; };
		1A88CD5E256E375F00B80C8C /* AppCenterCrashes.xcframework in Frameworks */ = {isa = PBXBuildFile; fileRef = 1A88CD5B256E375F00B80C8C /* AppCenterCrashes.xcframework */; };
		1A88CD5F256E375F00B80C8C /* AppCenterAnalytics.xcframework in Frameworks */ = {isa = PBXBuildFile; fileRef = 1A88CD5C256E375F00B80C8C /* AppCenterAnalytics.xcframework */; };
		1A88CD60256E375F00B80C8C /* AppCenter.xcframework in Frameworks */ = {isa = PBXBuildFile; fileRef = 1A88CD5D256E375F00B80C8C /* AppCenter.xcframework */; };
		6BF067AB6193649DDDE427DE /* (null) in Frameworks */ = {isa = PBXBuildFile; };
		7045E069EAC17E7ACBABCEE8 /* Pods_testCocoaPodsLaunchTime_viaFramework.framework in Frameworks */ = {isa = PBXBuildFile; fileRef = 5C05EDDB913DFF10443448ED /* Pods_testCocoaPodsLaunchTime_viaFramework.framework */; };
		BF18673EEB1AA870B0C11CA2 /* Pods_testCocoaPodsLaunchTime_viaCocoaPods.framework in Frameworks */ = {isa = PBXBuildFile; fileRef = 6D110C49BFA3C59619C3E2B7 /* Pods_testCocoaPodsLaunchTime_viaCocoaPods.framework */; };
		CD8C6F0CD976B6AF0738B212 /* Pods_testCocoaPodsLaunchTime_noPods.framework in Frameworks */ = {isa = PBXBuildFile; fileRef = 6CDA7F8E95C69FCDF50CFD10 /* Pods_testCocoaPodsLaunchTime_noPods.framework */; };
		F3C642722398E4FB773828C2 /* Pods_testCocoaPodsLaunchTime_viaCocoaPods_testCocoaPodsLaunchTimeUITests.framework in Frameworks */ = {isa = PBXBuildFile; fileRef = 99FFCBF90FD0FCD0F38B72A7 /* Pods_testCocoaPodsLaunchTime_viaCocoaPods_testCocoaPodsLaunchTimeUITests.framework */; };
		FC5EE6CB20BF6C612966AF9E /* Pods_testCocoaPodsLaunchTimeTests.framework in Frameworks */ = {isa = PBXBuildFile; fileRef = A3056CE73D81BCAC74C8BEAD /* Pods_testCocoaPodsLaunchTimeTests.framework */; };
/* End PBXBuildFile section */

/* Begin PBXContainerItemProxy section */
		1A220C36256DF35A00594852 /* PBXContainerItemProxy */ = {
			isa = PBXContainerItemProxy;
			containerPortal = 1A220C17256DF35900594852 /* Project object */;
			proxyType = 1;
			remoteGlobalIDString = 1A220C1E256DF35900594852;
			remoteInfo = testCocoaPodsLaunchTime;
		};
		1A220C41256DF35A00594852 /* PBXContainerItemProxy */ = {
			isa = PBXContainerItemProxy;
			containerPortal = 1A220C17256DF35900594852 /* Project object */;
			proxyType = 1;
			remoteGlobalIDString = 1A220C1E256DF35900594852;
			remoteInfo = testCocoaPodsLaunchTime;
		};
/* End PBXContainerItemProxy section */

/* Begin PBXFileReference section */
		004EC772AB9C7A80E5C125DC /* Pods-testCocoaPodsLaunchTime_viaCocoaPods.debug.xcconfig */ = {isa = PBXFileReference; includeInIndex = 1; lastKnownFileType = text.xcconfig; name = "Pods-testCocoaPodsLaunchTime_viaCocoaPods.debug.xcconfig"; path = "Target Support Files/Pods-testCocoaPodsLaunchTime_viaCocoaPods/Pods-testCocoaPodsLaunchTime_viaCocoaPods.debug.xcconfig"; sourceTree = "<group>"; };
		1A220C1F256DF35900594852 /* testCocoaPodsLaunchTime_viaCocoaPods.app */ = {isa = PBXFileReference; explicitFileType = wrapper.application; includeInIndex = 0; path = testCocoaPodsLaunchTime_viaCocoaPods.app; sourceTree = BUILT_PRODUCTS_DIR; };
		1A220C22256DF35900594852 /* AppDelegate.swift */ = {isa = PBXFileReference; lastKnownFileType = sourcecode.swift; path = AppDelegate.swift; sourceTree = "<group>"; };
		1A220C24256DF35900594852 /* SceneDelegate.swift */ = {isa = PBXFileReference; lastKnownFileType = sourcecode.swift; path = SceneDelegate.swift; sourceTree = "<group>"; };
		1A220C26256DF35900594852 /* ViewController.swift */ = {isa = PBXFileReference; lastKnownFileType = sourcecode.swift; path = ViewController.swift; sourceTree = "<group>"; };
		1A220C29256DF35900594852 /* Base */ = {isa = PBXFileReference; lastKnownFileType = file.storyboard; name = Base; path = Base.lproj/Main.storyboard; sourceTree = "<group>"; };
		1A220C2B256DF35900594852 /* Assets.xcassets */ = {isa = PBXFileReference; lastKnownFileType = folder.assetcatalog; path = Assets.xcassets; sourceTree = "<group>"; };
		1A220C2E256DF35900594852 /* Base */ = {isa = PBXFileReference; lastKnownFileType = file.storyboard; name = Base; path = Base.lproj/LaunchScreen.storyboard; sourceTree = "<group>"; };
		1A220C30256DF35900594852 /* Info.plist */ = {isa = PBXFileReference; lastKnownFileType = text.plist.xml; path = Info.plist; sourceTree = "<group>"; };
		1A220C35256DF35A00594852 /* testCocoaPodsLaunchTimeTests.xctest */ = {isa = PBXFileReference; explicitFileType = wrapper.cfbundle; includeInIndex = 0; path = testCocoaPodsLaunchTimeTests.xctest; sourceTree = BUILT_PRODUCTS_DIR; };
		1A220C39256DF35A00594852 /* testCocoaPodsLaunchTimeTests.swift */ = {isa = PBXFileReference; lastKnownFileType = sourcecode.swift; path = testCocoaPodsLaunchTimeTests.swift; sourceTree = "<group>"; };
		1A220C3B256DF35A00594852 /* Info.plist */ = {isa = PBXFileReference; lastKnownFileType = text.plist.xml; path = Info.plist; sourceTree = "<group>"; };
		1A220C40256DF35A00594852 /* testCocoaPodsLaunchTimeUITests.xctest */ = {isa = PBXFileReference; explicitFileType = wrapper.cfbundle; includeInIndex = 0; path = testCocoaPodsLaunchTimeUITests.xctest; sourceTree = BUILT_PRODUCTS_DIR; };
		1A220C44256DF35A00594852 /* testCocoaPodsLaunchTimeUITests.swift */ = {isa = PBXFileReference; lastKnownFileType = sourcecode.swift; path = testCocoaPodsLaunchTimeUITests.swift; sourceTree = "<group>"; };
		1A220C46256DF35A00594852 /* Info.plist */ = {isa = PBXFileReference; lastKnownFileType = text.plist.xml; path = Info.plist; sourceTree = "<group>"; };
		1A220C62256DF35D00594852 /* testCocoaPodsLaunchTime_noPods.app */ = {isa = PBXFileReference; explicitFileType = wrapper.application; includeInIndex = 0; path = testCocoaPodsLaunchTime_noPods.app; sourceTree = BUILT_PRODUCTS_DIR; };
		1A220C63256DF35D00594852 /* testCocoaPodsLaunchTime_noPods-Info.plist */ = {isa = PBXFileReference; lastKnownFileType = text.plist.xml; name = "testCocoaPodsLaunchTime_noPods-Info.plist"; path = "/Volumes/Projects/testCocoaPodsLaunchTime/testCocoaPodsLaunchTime_noPods-Info.plist"; sourceTree = "<absolute>"; };
		1A88CC53256E0A7800B80C8C /* testCocoaPodsLaunchTime_viaFramework.app */ = {isa = PBXFileReference; explicitFileType = wrapper.application; includeInIndex = 0; path = testCocoaPodsLaunchTime_viaFramework.app; sourceTree = BUILT_PRODUCTS_DIR; };
		1A88CC54256E0A7800B80C8C /* testCocoaPodsLaunchTime_viaFramework-Info.plist */ = {isa = PBXFileReference; lastKnownFileType = text.plist.xml; name = "testCocoaPodsLaunchTime_viaFramework-Info.plist"; path = "/Volumes/Projects/testCocoaPodsLaunchTime/testCocoaPodsLaunchTime_viaFramework-Info.plist"; sourceTree = "<absolute>"; };
		1A88CC67256E0B1F00B80C8C /* PSPDFKit.xcframework */ = {isa = PBXFileReference; lastKnownFileType = wrapper.xcframework; path = PSPDFKit.xcframework; sourceTree = "<group>"; };
		1A88CCA7256E101F00B80C8C /* PSPDFKitUI.xcframework */ = {isa = PBXFileReference; lastKnownFileType = wrapper.xcframework; path = PSPDFKitUI.xcframework; sourceTree = "<group>"; };
		1A88CCF6256E12B500B80C8C /* testCocoaPodsLaunchTime_noPods.entitlements */ = {isa = PBXFileReference; lastKnownFileType = text.plist.entitlements; path = testCocoaPodsLaunchTime_noPods.entitlements; sourceTree = "<group>"; };
		1A88CCFC256E12B800B80C8C /* testCocoaPodsLaunchTime_viaCocoaPods.entitlements */ = {isa = PBXFileReference; lastKnownFileType = text.plist.entitlements; path = testCocoaPodsLaunchTime_viaCocoaPods.entitlements; sourceTree = "<group>"; };
		1A88CCFD256E12BA00B80C8C /* testCocoaPodsLaunchTime_viaFramework.entitlements */ = {isa = PBXFileReference; lastKnownFileType = text.plist.entitlements; path = testCocoaPodsLaunchTime_viaFramework.entitlements; sourceTree = "<group>"; };
		1A88CD5B256E375F00B80C8C /* AppCenterCrashes.xcframework */ = {isa = PBXFileReference; lastKnownFileType = wrapper.xcframework; path = AppCenterCrashes.xcframework; sourceTree = "<group>"; };
		1A88CD5C256E375F00B80C8C /* AppCenterAnalytics.xcframework */ = {isa = PBXFileReference; lastKnownFileType = wrapper.xcframework; path = AppCenterAnalytics.xcframework; sourceTree = "<group>"; };
		1A88CD5D256E375F00B80C8C /* AppCenter.xcframework */ = {isa = PBXFileReference; lastKnownFileType = wrapper.xcframework; path = AppCenter.xcframework; sourceTree = "<group>"; };
		444D6ACFD10BDED2FF6E3D43 /* Pods-testCocoaPodsLaunchTime_noPods.release.xcconfig */ = {isa = PBXFileReference; includeInIndex = 1; lastKnownFileType = text.xcconfig; name = "Pods-testCocoaPodsLaunchTime_noPods.release.xcconfig"; path = "Target Support Files/Pods-testCocoaPodsLaunchTime_noPods/Pods-testCocoaPodsLaunchTime_noPods.release.xcconfig"; sourceTree = "<group>"; };
		5C05EDDB913DFF10443448ED /* Pods_testCocoaPodsLaunchTime_viaFramework.framework */ = {isa = PBXFileReference; explicitFileType = wrapper.framework; includeInIndex = 0; path = Pods_testCocoaPodsLaunchTime_viaFramework.framework; sourceTree = BUILT_PRODUCTS_DIR; };
		63AA30461AF438E24E48DF8B /* Pods-testCocoaPodsLaunchTime.debug.xcconfig */ = {isa = PBXFileReference; includeInIndex = 1; lastKnownFileType = text.xcconfig; name = "Pods-testCocoaPodsLaunchTime.debug.xcconfig"; path = "Target Support Files/Pods-testCocoaPodsLaunchTime/Pods-testCocoaPodsLaunchTime.debug.xcconfig"; sourceTree = "<group>"; };
		6CDA7F8E95C69FCDF50CFD10 /* Pods_testCocoaPodsLaunchTime_noPods.framework */ = {isa = PBXFileReference; explicitFileType = wrapper.framework; includeInIndex = 0; path = Pods_testCocoaPodsLaunchTime_noPods.framework; sourceTree = BUILT_PRODUCTS_DIR; };
		6D110C49BFA3C59619C3E2B7 /* Pods_testCocoaPodsLaunchTime_viaCocoaPods.framework */ = {isa = PBXFileReference; explicitFileType = wrapper.framework; includeInIndex = 0; path = Pods_testCocoaPodsLaunchTime_viaCocoaPods.framework; sourceTree = BUILT_PRODUCTS_DIR; };
		7187D6C3E2A3E415FBE5186C /* Pods-testCocoaPodsLaunchTime_viaFramework.debug.xcconfig */ = {isa = PBXFileReference; includeInIndex = 1; lastKnownFileType = text.xcconfig; name = "Pods-testCocoaPodsLaunchTime_viaFramework.debug.xcconfig"; path = "Target Support Files/Pods-testCocoaPodsLaunchTime_viaFramework/Pods-testCocoaPodsLaunchTime_viaFramework.debug.xcconfig"; sourceTree = "<group>"; };
		73D21CA5D0368AD8CC26A7AC /* Pods-testCocoaPodsLaunchTime_viaCocoaPods-testCocoaPodsLaunchTimeUITests.release.xcconfig */ = {isa = PBXFileReference; includeInIndex = 1; lastKnownFileType = text.xcconfig; name = "Pods-testCocoaPodsLaunchTime_viaCocoaPods-testCocoaPodsLaunchTimeUITests.release.xcconfig"; path = "Target Support Files/Pods-testCocoaPodsLaunchTime_viaCocoaPods-testCocoaPodsLaunchTimeUITests/Pods-testCocoaPodsLaunchTime_viaCocoaPods-testCocoaPodsLaunchTimeUITests.release.xcconfig"; sourceTree = "<group>"; };
		897740C28D1E3A093D3CD207 /* Pods-testCocoaPodsLaunchTimeTests.release.xcconfig */ = {isa = PBXFileReference; includeInIndex = 1; lastKnownFileType = text.xcconfig; name = "Pods-testCocoaPodsLaunchTimeTests.release.xcconfig"; path = "Target Support Files/Pods-testCocoaPodsLaunchTimeTests/Pods-testCocoaPodsLaunchTimeTests.release.xcconfig"; sourceTree = "<group>"; };
		99FFCBF90FD0FCD0F38B72A7 /* Pods_testCocoaPodsLaunchTime_viaCocoaPods_testCocoaPodsLaunchTimeUITests.framework */ = {isa = PBXFileReference; explicitFileType = wrapper.framework; includeInIndex = 0; path = Pods_testCocoaPodsLaunchTime_viaCocoaPods_testCocoaPodsLaunchTimeUITests.framework; sourceTree = BUILT_PRODUCTS_DIR; };
		A3056CE73D81BCAC74C8BEAD /* Pods_testCocoaPodsLaunchTimeTests.framework */ = {isa = PBXFileReference; explicitFileType = wrapper.framework; includeInIndex = 0; path = Pods_testCocoaPodsLaunchTimeTests.framework; sourceTree = BUILT_PRODUCTS_DIR; };
		A5812DAFC7E292E655C1FB2C /* Pods-testCocoaPodsLaunchTime-testCocoaPodsLaunchTimeUITests.release.xcconfig */ = {isa = PBXFileReference; includeInIndex = 1; lastKnownFileType = text.xcconfig; name = "Pods-testCocoaPodsLaunchTime-testCocoaPodsLaunchTimeUITests.release.xcconfig"; path = "Target Support Files/Pods-testCocoaPodsLaunchTime-testCocoaPodsLaunchTimeUITests/Pods-testCocoaPodsLaunchTime-testCocoaPodsLaunchTimeUITests.release.xcconfig"; sourceTree = "<group>"; };
		A5FAEB1B15849C0BDEDFFA96 /* Pods-testCocoaPodsLaunchTime_noPods.debug.xcconfig */ = {isa = PBXFileReference; includeInIndex = 1; lastKnownFileType = text.xcconfig; name = "Pods-testCocoaPodsLaunchTime_noPods.debug.xcconfig"; path = "Target Support Files/Pods-testCocoaPodsLaunchTime_noPods/Pods-testCocoaPodsLaunchTime_noPods.debug.xcconfig"; sourceTree = "<group>"; };
		BA347286BFFFA54AD5FD9C43 /* Pods-testCocoaPodsLaunchTime_viaFramework.release.xcconfig */ = {isa = PBXFileReference; includeInIndex = 1; lastKnownFileType = text.xcconfig; name = "Pods-testCocoaPodsLaunchTime_viaFramework.release.xcconfig"; path = "Target Support Files/Pods-testCocoaPodsLaunchTime_viaFramework/Pods-testCocoaPodsLaunchTime_viaFramework.release.xcconfig"; sourceTree = "<group>"; };
		BF0916CD0BDFE7A8DF6D9E8C /* Pods-testCocoaPodsLaunchTimeTests.debug.xcconfig */ = {isa = PBXFileReference; includeInIndex = 1; lastKnownFileType = text.xcconfig; name = "Pods-testCocoaPodsLaunchTimeTests.debug.xcconfig"; path = "Target Support Files/Pods-testCocoaPodsLaunchTimeTests/Pods-testCocoaPodsLaunchTimeTests.debug.xcconfig"; sourceTree = "<group>"; };
		CA651E744051DCA09ECD05B0 /* Pods-testCocoaPodsLaunchTime_viaCocoaPods-testCocoaPodsLaunchTimeUITests.debug.xcconfig */ = {isa = PBXFileReference; includeInIndex = 1; lastKnownFileType = text.xcconfig; name = "Pods-testCocoaPodsLaunchTime_viaCocoaPods-testCocoaPodsLaunchTimeUITests.debug.xcconfig"; path = "Target Support Files/Pods-testCocoaPodsLaunchTime_viaCocoaPods-testCocoaPodsLaunchTimeUITests/Pods-testCocoaPodsLaunchTime_viaCocoaPods-testCocoaPodsLaunchTimeUITests.debug.xcconfig"; sourceTree = "<group>"; };
		D479830F5668F601200FEEB2 /* Pods-testCocoaPodsLaunchTime.release.xcconfig */ = {isa = PBXFileReference; includeInIndex = 1; lastKnownFileType = text.xcconfig; name = "Pods-testCocoaPodsLaunchTime.release.xcconfig"; path = "Target Support Files/Pods-testCocoaPodsLaunchTime/Pods-testCocoaPodsLaunchTime.release.xcconfig"; sourceTree = "<group>"; };
		E99D96DB5A24DB5DB1D14328 /* Pods-testCocoaPodsLaunchTime_viaCocoaPods.release.xcconfig */ = {isa = PBXFileReference; includeInIndex = 1; lastKnownFileType = text.xcconfig; name = "Pods-testCocoaPodsLaunchTime_viaCocoaPods.release.xcconfig"; path = "Target Support Files/Pods-testCocoaPodsLaunchTime_viaCocoaPods/Pods-testCocoaPodsLaunchTime_viaCocoaPods.release.xcconfig"; sourceTree = "<group>"; };
		EB55FAC2D84D2EF941B77C36 /* Pods-testCocoaPodsLaunchTime-testCocoaPodsLaunchTimeUITests.debug.xcconfig */ = {isa = PBXFileReference; includeInIndex = 1; lastKnownFileType = text.xcconfig; name = "Pods-testCocoaPodsLaunchTime-testCocoaPodsLaunchTimeUITests.debug.xcconfig"; path = "Target Support Files/Pods-testCocoaPodsLaunchTime-testCocoaPodsLaunchTimeUITests/Pods-testCocoaPodsLaunchTime-testCocoaPodsLaunchTimeUITests.debug.xcconfig"; sourceTree = "<group>"; };
/* End PBXFileReference section */

/* Begin PBXFrameworksBuildPhase section */
		1A220C1C256DF35900594852 /* Frameworks */ = {
			isa = PBXFrameworksBuildPhase;
			buildActionMask = 2147483647;
			files = (
				BF18673EEB1AA870B0C11CA2 /* Pods_testCocoaPodsLaunchTime_viaCocoaPods.framework in Frameworks */,
			);
			runOnlyForDeploymentPostprocessing = 0;
		};
		1A220C32256DF35A00594852 /* Frameworks */ = {
			isa = PBXFrameworksBuildPhase;
			buildActionMask = 2147483647;
			files = (
				FC5EE6CB20BF6C612966AF9E /* Pods_testCocoaPodsLaunchTimeTests.framework in Frameworks */,
			);
			runOnlyForDeploymentPostprocessing = 0;
		};
		1A220C3D256DF35A00594852 /* Frameworks */ = {
			isa = PBXFrameworksBuildPhase;
			buildActionMask = 2147483647;
			files = (
				F3C642722398E4FB773828C2 /* Pods_testCocoaPodsLaunchTime_viaCocoaPods_testCocoaPodsLaunchTimeUITests.framework in Frameworks */,
			);
			runOnlyForDeploymentPostprocessing = 0;
		};
		1A220C5A256DF35D00594852 /* Frameworks */ = {
			isa = PBXFrameworksBuildPhase;
			buildActionMask = 2147483647;
			files = (
				6BF067AB6193649DDDE427DE /* (null) in Frameworks */,
				CD8C6F0CD976B6AF0738B212 /* Pods_testCocoaPodsLaunchTime_noPods.framework in Frameworks */,
			);
			runOnlyForDeploymentPostprocessing = 0;
		};
		1A88CC4A256E0A7800B80C8C /* Frameworks */ = {
			isa = PBXFrameworksBuildPhase;
			buildActionMask = 2147483647;
			files = (
				1A88CCA8256E101F00B80C8C /* PSPDFKitUI.xcframework in Frameworks */,
				1A88CC68256E0B1F00B80C8C /* PSPDFKit.xcframework in Frameworks */,
				1A88CD5F256E375F00B80C8C /* AppCenterAnalytics.xcframework in Frameworks */,
				1A88CD5E256E375F00B80C8C /* AppCenterCrashes.xcframework in Frameworks */,
				1A88CD60256E375F00B80C8C /* AppCenter.xcframework in Frameworks */,
				7045E069EAC17E7ACBABCEE8 /* Pods_testCocoaPodsLaunchTime_viaFramework.framework in Frameworks */,
			);
			runOnlyForDeploymentPostprocessing = 0;
		};
/* End PBXFrameworksBuildPhase section */

/* Begin PBXGroup section */
		1A220C16256DF35900594852 = {
			isa = PBXGroup;
			children = (
				1A88CCFD256E12BA00B80C8C /* testCocoaPodsLaunchTime_viaFramework.entitlements */,
				1A88CCFC256E12B800B80C8C /* testCocoaPodsLaunchTime_viaCocoaPods.entitlements */,
				1A88CCF6256E12B500B80C8C /* testCocoaPodsLaunchTime_noPods.entitlements */,
				1A88CC64256E0AD700B80C8C /* Thirdparty */,
				1A220C21256DF35900594852 /* testCocoaPodsLaunchTime */,
				1A220C38256DF35A00594852 /* testCocoaPodsLaunchTimeTests */,
				1A220C43256DF35A00594852 /* testCocoaPodsLaunchTimeUITests */,
				1A220C20256DF35900594852 /* Products */,
				1A220C63256DF35D00594852 /* testCocoaPodsLaunchTime_noPods-Info.plist */,
				8F24CE723D51EB4C358D30F8 /* Pods */,
				C9ADCED18C3DEFCCDF0F6769 /* Frameworks */,
				1A88CC54256E0A7800B80C8C /* testCocoaPodsLaunchTime_viaFramework-Info.plist */,
			);
			sourceTree = "<group>";
		};
		1A220C20256DF35900594852 /* Products */ = {
			isa = PBXGroup;
			children = (
				1A220C1F256DF35900594852 /* testCocoaPodsLaunchTime_viaCocoaPods.app */,
				1A220C35256DF35A00594852 /* testCocoaPodsLaunchTimeTests.xctest */,
				1A220C40256DF35A00594852 /* testCocoaPodsLaunchTimeUITests.xctest */,
				1A220C62256DF35D00594852 /* testCocoaPodsLaunchTime_noPods.app */,
				1A88CC53256E0A7800B80C8C /* testCocoaPodsLaunchTime_viaFramework.app */,
			);
			name = Products;
			sourceTree = "<group>";
		};
		1A220C21256DF35900594852 /* testCocoaPodsLaunchTime */ = {
			isa = PBXGroup;
			children = (
				1A220C22256DF35900594852 /* AppDelegate.swift */,
				1A220C24256DF35900594852 /* SceneDelegate.swift */,
				1A220C26256DF35900594852 /* ViewController.swift */,
				1A220C28256DF35900594852 /* Main.storyboard */,
				1A220C2B256DF35900594852 /* Assets.xcassets */,
				1A220C2D256DF35900594852 /* LaunchScreen.storyboard */,
				1A220C30256DF35900594852 /* Info.plist */,
			);
			path = testCocoaPodsLaunchTime;
			sourceTree = "<group>";
		};
		1A220C38256DF35A00594852 /* testCocoaPodsLaunchTimeTests */ = {
			isa = PBXGroup;
			children = (
				1A220C39256DF35A00594852 /* testCocoaPodsLaunchTimeTests.swift */,
				1A220C3B256DF35A00594852 /* Info.plist */,
			);
			path = testCocoaPodsLaunchTimeTests;
			sourceTree = "<group>";
		};
		1A220C43256DF35A00594852 /* testCocoaPodsLaunchTimeUITests */ = {
			isa = PBXGroup;
			children = (
				1A220C44256DF35A00594852 /* testCocoaPodsLaunchTimeUITests.swift */,
				1A220C46256DF35A00594852 /* Info.plist */,
			);
			path = testCocoaPodsLaunchTimeUITests;
			sourceTree = "<group>";
		};
		1A88CC64256E0AD700B80C8C /* Thirdparty */ = {
			isa = PBXGroup;
			children = (
				1A88CD5A256E375F00B80C8C /* AppCenter */,
				1A88CC65256E0AE800B80C8C /* PSPDFKit */,
			);
			path = Thirdparty;
			sourceTree = "<group>";
		};
		1A88CC65256E0AE800B80C8C /* PSPDFKit */ = {
			isa = PBXGroup;
			children = (
				1A88CC67256E0B1F00B80C8C /* PSPDFKit.xcframework */,
				1A88CCA7256E101F00B80C8C /* PSPDFKitUI.xcframework */,
			);
			path = PSPDFKit;
			sourceTree = "<group>";
		};
		1A88CD5A256E375F00B80C8C /* AppCenter */ = {
			isa = PBXGroup;
			children = (
				1A88CD5B256E375F00B80C8C /* AppCenterCrashes.xcframework */,
				1A88CD5C256E375F00B80C8C /* AppCenterAnalytics.xcframework */,
				1A88CD5D256E375F00B80C8C /* AppCenter.xcframework */,
			);
			path = AppCenter;
			sourceTree = "<group>";
		};
		8F24CE723D51EB4C358D30F8 /* Pods */ = {
			isa = PBXGroup;
			children = (
				63AA30461AF438E24E48DF8B /* Pods-testCocoaPodsLaunchTime.debug.xcconfig */,
				D479830F5668F601200FEEB2 /* Pods-testCocoaPodsLaunchTime.release.xcconfig */,
				EB55FAC2D84D2EF941B77C36 /* Pods-testCocoaPodsLaunchTime-testCocoaPodsLaunchTimeUITests.debug.xcconfig */,
				A5812DAFC7E292E655C1FB2C /* Pods-testCocoaPodsLaunchTime-testCocoaPodsLaunchTimeUITests.release.xcconfig */,
				BF0916CD0BDFE7A8DF6D9E8C /* Pods-testCocoaPodsLaunchTimeTests.debug.xcconfig */,
				897740C28D1E3A093D3CD207 /* Pods-testCocoaPodsLaunchTimeTests.release.xcconfig */,
				A5FAEB1B15849C0BDEDFFA96 /* Pods-testCocoaPodsLaunchTime_noPods.debug.xcconfig */,
				444D6ACFD10BDED2FF6E3D43 /* Pods-testCocoaPodsLaunchTime_noPods.release.xcconfig */,
				004EC772AB9C7A80E5C125DC /* Pods-testCocoaPodsLaunchTime_viaCocoaPods.debug.xcconfig */,
				E99D96DB5A24DB5DB1D14328 /* Pods-testCocoaPodsLaunchTime_viaCocoaPods.release.xcconfig */,
				CA651E744051DCA09ECD05B0 /* Pods-testCocoaPodsLaunchTime_viaCocoaPods-testCocoaPodsLaunchTimeUITests.debug.xcconfig */,
				73D21CA5D0368AD8CC26A7AC /* Pods-testCocoaPodsLaunchTime_viaCocoaPods-testCocoaPodsLaunchTimeUITests.release.xcconfig */,
				7187D6C3E2A3E415FBE5186C /* Pods-testCocoaPodsLaunchTime_viaFramework.debug.xcconfig */,
				BA347286BFFFA54AD5FD9C43 /* Pods-testCocoaPodsLaunchTime_viaFramework.release.xcconfig */,
			);
			path = Pods;
			sourceTree = "<group>";
		};
		C9ADCED18C3DEFCCDF0F6769 /* Frameworks */ = {
			isa = PBXGroup;
			children = (
				A3056CE73D81BCAC74C8BEAD /* Pods_testCocoaPodsLaunchTimeTests.framework */,
				6D110C49BFA3C59619C3E2B7 /* Pods_testCocoaPodsLaunchTime_viaCocoaPods.framework */,
				99FFCBF90FD0FCD0F38B72A7 /* Pods_testCocoaPodsLaunchTime_viaCocoaPods_testCocoaPodsLaunchTimeUITests.framework */,
				5C05EDDB913DFF10443448ED /* Pods_testCocoaPodsLaunchTime_viaFramework.framework */,
				6CDA7F8E95C69FCDF50CFD10 /* Pods_testCocoaPodsLaunchTime_noPods.framework */,
			);
			name = Frameworks;
			sourceTree = "<group>";
		};
/* End PBXGroup section */

/* Begin PBXNativeTarget section */
		1A220C1E256DF35900594852 /* testCocoaPodsLaunchTime_viaCocoaPods */ = {
			isa = PBXNativeTarget;
			buildConfigurationList = 1A220C49256DF35A00594852 /* Build configuration list for PBXNativeTarget "testCocoaPodsLaunchTime_viaCocoaPods" */;
			buildPhases = (
				807F55D7F25BCC0B9E5123C4 /* [CP] Check Pods Manifest.lock */,
				1A220C1B256DF35900594852 /* Sources */,
				1A220C1C256DF35900594852 /* Frameworks */,
				1A220C1D256DF35900594852 /* Resources */,
				E390E2B593DAD3889F7FAC41 /* [CP] Embed Pods Frameworks */,
			);
			buildRules = (
			);
			dependencies = (
			);
			name = testCocoaPodsLaunchTime_viaCocoaPods;
			productName = testCocoaPodsLaunchTime;
			productReference = 1A220C1F256DF35900594852 /* testCocoaPodsLaunchTime_viaCocoaPods.app */;
			productType = "com.apple.product-type.application";
		};
		1A220C34256DF35A00594852 /* testCocoaPodsLaunchTimeTests */ = {
			isa = PBXNativeTarget;
			buildConfigurationList = 1A220C4C256DF35A00594852 /* Build configuration list for PBXNativeTarget "testCocoaPodsLaunchTimeTests" */;
			buildPhases = (
				8B6A622F89064187CB56A891 /* [CP] Check Pods Manifest.lock */,
				1A220C31256DF35A00594852 /* Sources */,
				1A220C32256DF35A00594852 /* Frameworks */,
				1A220C33256DF35A00594852 /* Resources */,
			);
			buildRules = (
			);
			dependencies = (
				1A220C37256DF35A00594852 /* PBXTargetDependency */,
			);
			name = testCocoaPodsLaunchTimeTests;
			productName = testCocoaPodsLaunchTimeTests;
			productReference = 1A220C35256DF35A00594852 /* testCocoaPodsLaunchTimeTests.xctest */;
			productType = "com.apple.product-type.bundle.unit-test";
		};
		1A220C3F256DF35A00594852 /* testCocoaPodsLaunchTimeUITests */ = {
			isa = PBXNativeTarget;
			buildConfigurationList = 1A220C4F256DF35A00594852 /* Build configuration list for PBXNativeTarget "testCocoaPodsLaunchTimeUITests" */;
			buildPhases = (
				9FBF6AF836C6A111E20A3A8A /* [CP] Check Pods Manifest.lock */,
				1A220C3C256DF35A00594852 /* Sources */,
				1A220C3D256DF35A00594852 /* Frameworks */,
				1A220C3E256DF35A00594852 /* Resources */,
				853E40FBA5DD9DBC61B6CFF9 /* [CP] Embed Pods Frameworks */,
			);
			buildRules = (
			);
			dependencies = (
				1A220C42256DF35A00594852 /* PBXTargetDependency */,
			);
			name = testCocoaPodsLaunchTimeUITests;
			productName = testCocoaPodsLaunchTimeUITests;
			productReference = 1A220C40256DF35A00594852 /* testCocoaPodsLaunchTimeUITests.xctest */;
			productType = "com.apple.product-type.bundle.ui-testing";
		};
		1A220C55256DF35D00594852 /* testCocoaPodsLaunchTime_noPods */ = {
			isa = PBXNativeTarget;
			buildConfigurationList = 1A220C5F256DF35D00594852 /* Build configuration list for PBXNativeTarget "testCocoaPodsLaunchTime_noPods" */;
			buildPhases = (
				F96EB0837F3957F29D262A83 /* [CP] Check Pods Manifest.lock */,
				1A220C56256DF35D00594852 /* Sources */,
				1A220C5A256DF35D00594852 /* Frameworks */,
				1A220C5B256DF35D00594852 /* Resources */,
			);
			buildRules = (
			);
			dependencies = (
			);
			name = testCocoaPodsLaunchTime_noPods;
			productName = testCocoaPodsLaunchTime;
			productReference = 1A220C62256DF35D00594852 /* testCocoaPodsLaunchTime_noPods.app */;
			productType = "com.apple.product-type.application";
		};
		1A88CC44256E0A7800B80C8C /* testCocoaPodsLaunchTime_viaFramework */ = {
			isa = PBXNativeTarget;
			buildConfigurationList = 1A88CC50256E0A7800B80C8C /* Build configuration list for PBXNativeTarget "testCocoaPodsLaunchTime_viaFramework" */;
			buildPhases = (
				1A88CC45256E0A7800B80C8C /* [CP] Check Pods Manifest.lock */,
				1A88CC46256E0A7800B80C8C /* Sources */,
				1A88CC4A256E0A7800B80C8C /* Frameworks */,
				1A88CC4C256E0A7800B80C8C /* Resources */,
			);
			buildRules = (
			);
			dependencies = (
			);
			name = testCocoaPodsLaunchTime_viaFramework;
			productName = testCocoaPodsLaunchTime;
			productReference = 1A88CC53256E0A7800B80C8C /* testCocoaPodsLaunchTime_viaFramework.app */;
			productType = "com.apple.product-type.application";
		};
/* End PBXNativeTarget section */

/* Begin PBXProject section */
		1A220C17256DF35900594852 /* Project object */ = {
			isa = PBXProject;
			attributes = {
				LastSwiftUpdateCheck = 1220;
				LastUpgradeCheck = 1220;
				TargetAttributes = {
					1A220C1E256DF35900594852 = {
						CreatedOnToolsVersion = 12.2;
					};
					1A220C34256DF35A00594852 = {
						CreatedOnToolsVersion = 12.2;
						TestTargetID = 1A220C1E256DF35900594852;
					};
					1A220C3F256DF35A00594852 = {
						CreatedOnToolsVersion = 12.2;
						TestTargetID = 1A220C1E256DF35900594852;
					};
				};
			};
			buildConfigurationList = 1A220C1A256DF35900594852 /* Build configuration list for PBXProject "testCocoaPodsLaunchTime" */;
			compatibilityVersion = "Xcode 9.3";
			developmentRegion = en;
			hasScannedForEncodings = 0;
			knownRegions = (
				en,
				Base,
			);
			mainGroup = 1A220C16256DF35900594852;
			productRefGroup = 1A220C20256DF35900594852 /* Products */;
			projectDirPath = "";
			projectRoot = "";
			targets = (
				1A220C55256DF35D00594852 /* testCocoaPodsLaunchTime_noPods */,
				1A220C1E256DF35900594852 /* testCocoaPodsLaunchTime_viaCocoaPods */,
				1A88CC44256E0A7800B80C8C /* testCocoaPodsLaunchTime_viaFramework */,
				1A220C34256DF35A00594852 /* testCocoaPodsLaunchTimeTests */,
				1A220C3F256DF35A00594852 /* testCocoaPodsLaunchTimeUITests */,
			);
		};
/* End PBXProject section */

/* Begin PBXResourcesBuildPhase section */
		1A220C1D256DF35900594852 /* Resources */ = {
			isa = PBXResourcesBuildPhase;
			buildActionMask = 2147483647;
			files = (
				1A220C2F256DF35900594852 /* LaunchScreen.storyboard in Resources */,
				1A220C2C256DF35900594852 /* Assets.xcassets in Resources */,
				1A220C2A256DF35900594852 /* Main.storyboard in Resources */,
			);
			runOnlyForDeploymentPostprocessing = 0;
		};
		1A220C33256DF35A00594852 /* Resources */ = {
			isa = PBXResourcesBuildPhase;
			buildActionMask = 2147483647;
			files = (
			);
			runOnlyForDeploymentPostprocessing = 0;
		};
		1A220C3E256DF35A00594852 /* Resources */ = {
			isa = PBXResourcesBuildPhase;
			buildActionMask = 2147483647;
			files = (
			);
			runOnlyForDeploymentPostprocessing = 0;
		};
		1A220C5B256DF35D00594852 /* Resources */ = {
			isa = PBXResourcesBuildPhase;
			buildActionMask = 2147483647;
			files = (
				1A220C5C256DF35D00594852 /* LaunchScreen.storyboard in Resources */,
				1A220C5D256DF35D00594852 /* Assets.xcassets in Resources */,
				1A220C5E256DF35D00594852 /* Main.storyboard in Resources */,
			);
			runOnlyForDeploymentPostprocessing = 0;
		};
		1A88CC4C256E0A7800B80C8C /* Resources */ = {
			isa = PBXResourcesBuildPhase;
			buildActionMask = 2147483647;
			files = (
				1A88CC4D256E0A7800B80C8C /* LaunchScreen.storyboard in Resources */,
				1A88CC4E256E0A7800B80C8C /* Assets.xcassets in Resources */,
				1A88CC4F256E0A7800B80C8C /* Main.storyboard in Resources */,
			);
			runOnlyForDeploymentPostprocessing = 0;
		};
/* End PBXResourcesBuildPhase section */

/* Begin PBXShellScriptBuildPhase section */
		1A88CC45256E0A7800B80C8C /* [CP] Check Pods Manifest.lock */ = {
			isa = PBXShellScriptBuildPhase;
			buildActionMask = 2147483647;
			files = (
			);
			inputFileListPaths = (
			);
			inputPaths = (
				"${PODS_PODFILE_DIR_PATH}/Podfile.lock",
				"${PODS_ROOT}/Manifest.lock",
			);
			name = "[CP] Check Pods Manifest.lock";
			outputFileListPaths = (
			);
			outputPaths = (
				"$(DERIVED_FILE_DIR)/Pods-testCocoaPodsLaunchTime_viaFramework-checkManifestLockResult.txt",
			);
			runOnlyForDeploymentPostprocessing = 0;
			shellPath = /bin/sh;
			shellScript = "diff \"${PODS_PODFILE_DIR_PATH}/Podfile.lock\" \"${PODS_ROOT}/Manifest.lock\" > /dev/null\nif [ $? != 0 ] ; then\n    # print error to STDERR\n    echo \"error: The sandbox is not in sync with the Podfile.lock. Run 'pod install' or update your CocoaPods installation.\" >&2\n    exit 1\nfi\n# This output is used by Xcode 'outputs' to avoid re-running this script phase.\necho \"SUCCESS\" > \"${SCRIPT_OUTPUT_FILE_0}\"\n";
			showEnvVarsInLog = 0;
		};
		807F55D7F25BCC0B9E5123C4 /* [CP] Check Pods Manifest.lock */ = {
			isa = PBXShellScriptBuildPhase;
			buildActionMask = 2147483647;
			files = (
			);
			inputFileListPaths = (
			);
			inputPaths = (
				"${PODS_PODFILE_DIR_PATH}/Podfile.lock",
				"${PODS_ROOT}/Manifest.lock",
			);
			name = "[CP] Check Pods Manifest.lock";
			outputFileListPaths = (
			);
			outputPaths = (
				"$(DERIVED_FILE_DIR)/Pods-testCocoaPodsLaunchTime_viaCocoaPods-checkManifestLockResult.txt",
			);
			runOnlyForDeploymentPostprocessing = 0;
			shellPath = /bin/sh;
			shellScript = "diff \"${PODS_PODFILE_DIR_PATH}/Podfile.lock\" \"${PODS_ROOT}/Manifest.lock\" > /dev/null\nif [ $? != 0 ] ; then\n    # print error to STDERR\n    echo \"error: The sandbox is not in sync with the Podfile.lock. Run 'pod install' or update your CocoaPods installation.\" >&2\n    exit 1\nfi\n# This output is used by Xcode 'outputs' to avoid re-running this script phase.\necho \"SUCCESS\" > \"${SCRIPT_OUTPUT_FILE_0}\"\n";
			showEnvVarsInLog = 0;
		};
		853E40FBA5DD9DBC61B6CFF9 /* [CP] Embed Pods Frameworks */ = {
			isa = PBXShellScriptBuildPhase;
			buildActionMask = 2147483647;
			files = (
			);
			inputFileListPaths = (
				"${PODS_ROOT}/Target Support Files/Pods-testCocoaPodsLaunchTime_viaCocoaPods-testCocoaPodsLaunchTimeUITests/Pods-testCocoaPodsLaunchTime_viaCocoaPods-testCocoaPodsLaunchTimeUITests-frameworks-${CONFIGURATION}-input-files.xcfilelist",
			);
			name = "[CP] Embed Pods Frameworks";
			outputFileListPaths = (
				"${PODS_ROOT}/Target Support Files/Pods-testCocoaPodsLaunchTime_viaCocoaPods-testCocoaPodsLaunchTimeUITests/Pods-testCocoaPodsLaunchTime_viaCocoaPods-testCocoaPodsLaunchTimeUITests-frameworks-${CONFIGURATION}-output-files.xcfilelist",
			);
			runOnlyForDeploymentPostprocessing = 0;
			shellPath = /bin/sh;
			shellScript = "\"${PODS_ROOT}/Target Support Files/Pods-testCocoaPodsLaunchTime_viaCocoaPods-testCocoaPodsLaunchTimeUITests/Pods-testCocoaPodsLaunchTime_viaCocoaPods-testCocoaPodsLaunchTimeUITests-frameworks.sh\"\n";
			showEnvVarsInLog = 0;
		};
		8B6A622F89064187CB56A891 /* [CP] Check Pods Manifest.lock */ = {
			isa = PBXShellScriptBuildPhase;
			buildActionMask = 2147483647;
			files = (
			);
			inputFileListPaths = (
			);
			inputPaths = (
				"${PODS_PODFILE_DIR_PATH}/Podfile.lock",
				"${PODS_ROOT}/Manifest.lock",
			);
			name = "[CP] Check Pods Manifest.lock";
			outputFileListPaths = (
			);
			outputPaths = (
				"$(DERIVED_FILE_DIR)/Pods-testCocoaPodsLaunchTimeTests-checkManifestLockResult.txt",
			);
			runOnlyForDeploymentPostprocessing = 0;
			shellPath = /bin/sh;
			shellScript = "diff \"${PODS_PODFILE_DIR_PATH}/Podfile.lock\" \"${PODS_ROOT}/Manifest.lock\" > /dev/null\nif [ $? != 0 ] ; then\n    # print error to STDERR\n    echo \"error: The sandbox is not in sync with the Podfile.lock. Run 'pod install' or update your CocoaPods installation.\" >&2\n    exit 1\nfi\n# This output is used by Xcode 'outputs' to avoid re-running this script phase.\necho \"SUCCESS\" > \"${SCRIPT_OUTPUT_FILE_0}\"\n";
			showEnvVarsInLog = 0;
		};
		9FBF6AF836C6A111E20A3A8A /* [CP] Check Pods Manifest.lock */ = {
			isa = PBXShellScriptBuildPhase;
			buildActionMask = 2147483647;
			files = (
			);
			inputFileListPaths = (
			);
			inputPaths = (
				"${PODS_PODFILE_DIR_PATH}/Podfile.lock",
				"${PODS_ROOT}/Manifest.lock",
			);
			name = "[CP] Check Pods Manifest.lock";
			outputFileListPaths = (
			);
			outputPaths = (
				"$(DERIVED_FILE_DIR)/Pods-testCocoaPodsLaunchTime_viaCocoaPods-testCocoaPodsLaunchTimeUITests-checkManifestLockResult.txt",
			);
			runOnlyForDeploymentPostprocessing = 0;
			shellPath = /bin/sh;
			shellScript = "diff \"${PODS_PODFILE_DIR_PATH}/Podfile.lock\" \"${PODS_ROOT}/Manifest.lock\" > /dev/null\nif [ $? != 0 ] ; then\n    # print error to STDERR\n    echo \"error: The sandbox is not in sync with the Podfile.lock. Run 'pod install' or update your CocoaPods installation.\" >&2\n    exit 1\nfi\n# This output is used by Xcode 'outputs' to avoid re-running this script phase.\necho \"SUCCESS\" > \"${SCRIPT_OUTPUT_FILE_0}\"\n";
			showEnvVarsInLog = 0;
		};
		E390E2B593DAD3889F7FAC41 /* [CP] Embed Pods Frameworks */ = {
			isa = PBXShellScriptBuildPhase;
			buildActionMask = 2147483647;
			files = (
			);
			inputFileListPaths = (
				"${PODS_ROOT}/Target Support Files/Pods-testCocoaPodsLaunchTime_viaCocoaPods/Pods-testCocoaPodsLaunchTime_viaCocoaPods-frameworks-${CONFIGURATION}-input-files.xcfilelist",
			);
			name = "[CP] Embed Pods Frameworks";
			outputFileListPaths = (
				"${PODS_ROOT}/Target Support Files/Pods-testCocoaPodsLaunchTime_viaCocoaPods/Pods-testCocoaPodsLaunchTime_viaCocoaPods-frameworks-${CONFIGURATION}-output-files.xcfilelist",
			);
			runOnlyForDeploymentPostprocessing = 0;
			shellPath = /bin/sh;
			shellScript = "\"${PODS_ROOT}/Target Support Files/Pods-testCocoaPodsLaunchTime_viaCocoaPods/Pods-testCocoaPodsLaunchTime_viaCocoaPods-frameworks.sh\"\n";
			showEnvVarsInLog = 0;
		};
		F96EB0837F3957F29D262A83 /* [CP] Check Pods Manifest.lock */ = {
			isa = PBXShellScriptBuildPhase;
			buildActionMask = 2147483647;
			files = (
			);
			inputFileListPaths = (
			);
			inputPaths = (
				"${PODS_PODFILE_DIR_PATH}/Podfile.lock",
				"${PODS_ROOT}/Manifest.lock",
			);
			name = "[CP] Check Pods Manifest.lock";
			outputFileListPaths = (
			);
			outputPaths = (
				"$(DERIVED_FILE_DIR)/Pods-testCocoaPodsLaunchTime_noPods-checkManifestLockResult.txt",
			);
			runOnlyForDeploymentPostprocessing = 0;
			shellPath = /bin/sh;
			shellScript = "diff \"${PODS_PODFILE_DIR_PATH}/Podfile.lock\" \"${PODS_ROOT}/Manifest.lock\" > /dev/null\nif [ $? != 0 ] ; then\n    # print error to STDERR\n    echo \"error: The sandbox is not in sync with the Podfile.lock. Run 'pod install' or update your CocoaPods installation.\" >&2\n    exit 1\nfi\n# This output is used by Xcode 'outputs' to avoid re-running this script phase.\necho \"SUCCESS\" > \"${SCRIPT_OUTPUT_FILE_0}\"\n";
			showEnvVarsInLog = 0;
		};
/* End PBXShellScriptBuildPhase section */

/* Begin PBXSourcesBuildPhase section */
		1A220C1B256DF35900594852 /* Sources */ = {
			isa = PBXSourcesBuildPhase;
			buildActionMask = 2147483647;
			files = (
				1A220C27256DF35900594852 /* ViewController.swift in Sources */,
				1A220C23256DF35900594852 /* AppDelegate.swift in Sources */,
				1A220C25256DF35900594852 /* SceneDelegate.swift in Sources */,
			);
			runOnlyForDeploymentPostprocessing = 0;
		};
		1A220C31256DF35A00594852 /* Sources */ = {
			isa = PBXSourcesBuildPhase;
			buildActionMask = 2147483647;
			files = (
				1A220C3A256DF35A00594852 /* testCocoaPodsLaunchTimeTests.swift in Sources */,
			);
			runOnlyForDeploymentPostprocessing = 0;
		};
		1A220C3C256DF35A00594852 /* Sources */ = {
			isa = PBXSourcesBuildPhase;
			buildActionMask = 2147483647;
			files = (
				1A220C45256DF35A00594852 /* testCocoaPodsLaunchTimeUITests.swift in Sources */,
			);
			runOnlyForDeploymentPostprocessing = 0;
		};
		1A220C56256DF35D00594852 /* Sources */ = {
			isa = PBXSourcesBuildPhase;
			buildActionMask = 2147483647;
			files = (
				1A220C57256DF35D00594852 /* ViewController.swift in Sources */,
				1A220C58256DF35D00594852 /* AppDelegate.swift in Sources */,
				1A220C59256DF35D00594852 /* SceneDelegate.swift in Sources */,
			);
			runOnlyForDeploymentPostprocessing = 0;
		};
		1A88CC46256E0A7800B80C8C /* Sources */ = {
			isa = PBXSourcesBuildPhase;
			buildActionMask = 2147483647;
			files = (
				1A88CC47256E0A7800B80C8C /* ViewController.swift in Sources */,
				1A88CC48256E0A7800B80C8C /* AppDelegate.swift in Sources */,
				1A88CC49256E0A7800B80C8C /* SceneDelegate.swift in Sources */,
			);
			runOnlyForDeploymentPostprocessing = 0;
		};
/* End PBXSourcesBuildPhase section */

/* Begin PBXTargetDependency section */
		1A220C37256DF35A00594852 /* PBXTargetDependency */ = {
			isa = PBXTargetDependency;
			target = 1A220C1E256DF35900594852 /* testCocoaPodsLaunchTime_viaCocoaPods */;
			targetProxy = 1A220C36256DF35A00594852 /* PBXContainerItemProxy */;
		};
		1A220C42256DF35A00594852 /* PBXTargetDependency */ = {
			isa = PBXTargetDependency;
			target = 1A220C1E256DF35900594852 /* testCocoaPodsLaunchTime_viaCocoaPods */;
			targetProxy = 1A220C41256DF35A00594852 /* PBXContainerItemProxy */;
		};
/* End PBXTargetDependency section */

/* Begin PBXVariantGroup section */
		1A220C28256DF35900594852 /* Main.storyboard */ = {
			isa = PBXVariantGroup;
			children = (
				1A220C29256DF35900594852 /* Base */,
			);
			name = Main.storyboard;
			sourceTree = "<group>";
		};
		1A220C2D256DF35900594852 /* LaunchScreen.storyboard */ = {
			isa = PBXVariantGroup;
			children = (
				1A220C2E256DF35900594852 /* Base */,
			);
			name = LaunchScreen.storyboard;
			sourceTree = "<group>";
		};
/* End PBXVariantGroup section */

/* Begin XCBuildConfiguration section */
		1A220C47256DF35A00594852 /* Debug */ = {
			isa = XCBuildConfiguration;
			buildSettings = {
				ALWAYS_SEARCH_USER_PATHS = NO;
				CLANG_ANALYZER_NONNULL = YES;
				CLANG_ANALYZER_NUMBER_OBJECT_CONVERSION = YES_AGGRESSIVE;
				CLANG_CXX_LANGUAGE_STANDARD = "gnu++14";
				CLANG_CXX_LIBRARY = "libc++";
				CLANG_ENABLE_MODULES = YES;
				CLANG_ENABLE_OBJC_ARC = YES;
				CLANG_ENABLE_OBJC_WEAK = YES;
				CLANG_WARN_BLOCK_CAPTURE_AUTORELEASING = YES;
				CLANG_WARN_BOOL_CONVERSION = YES;
				CLANG_WARN_COMMA = YES;
				CLANG_WARN_CONSTANT_CONVERSION = YES;
				CLANG_WARN_DEPRECATED_OBJC_IMPLEMENTATIONS = YES;
				CLANG_WARN_DIRECT_OBJC_ISA_USAGE = YES_ERROR;
				CLANG_WARN_DOCUMENTATION_COMMENTS = YES;
				CLANG_WARN_EMPTY_BODY = YES;
				CLANG_WARN_ENUM_CONVERSION = YES;
				CLANG_WARN_INFINITE_RECURSION = YES;
				CLANG_WARN_INT_CONVERSION = YES;
				CLANG_WARN_NON_LITERAL_NULL_CONVERSION = YES;
				CLANG_WARN_OBJC_IMPLICIT_RETAIN_SELF = YES;
				CLANG_WARN_OBJC_LITERAL_CONVERSION = YES;
				CLANG_WARN_OBJC_ROOT_CLASS = YES_ERROR;
				CLANG_WARN_QUOTED_INCLUDE_IN_FRAMEWORK_HEADER = YES;
				CLANG_WARN_RANGE_LOOP_ANALYSIS = YES;
				CLANG_WARN_STRICT_PROTOTYPES = YES;
				CLANG_WARN_SUSPICIOUS_MOVE = YES;
				CLANG_WARN_UNGUARDED_AVAILABILITY = YES_AGGRESSIVE;
				CLANG_WARN_UNREACHABLE_CODE = YES;
				CLANG_WARN__DUPLICATE_METHOD_MATCH = YES;
				COPY_PHASE_STRIP = NO;
				DEBUG_INFORMATION_FORMAT = dwarf;
				ENABLE_STRICT_OBJC_MSGSEND = YES;
				ENABLE_TESTABILITY = YES;
				GCC_C_LANGUAGE_STANDARD = gnu11;
				GCC_DYNAMIC_NO_PIC = NO;
				GCC_NO_COMMON_BLOCKS = YES;
				GCC_OPTIMIZATION_LEVEL = 0;
				GCC_PREPROCESSOR_DEFINITIONS = (
					"DEBUG=1",
					"$(inherited)",
				);
				GCC_WARN_64_TO_32_BIT_CONVERSION = YES;
				GCC_WARN_ABOUT_RETURN_TYPE = YES_ERROR;
				GCC_WARN_UNDECLARED_SELECTOR = YES;
				GCC_WARN_UNINITIALIZED_AUTOS = YES_AGGRESSIVE;
				GCC_WARN_UNUSED_FUNCTION = YES;
				GCC_WARN_UNUSED_VARIABLE = YES;
				IPHONEOS_DEPLOYMENT_TARGET = 14.2;
				MTL_ENABLE_DEBUG_INFO = INCLUDE_SOURCE;
				MTL_FAST_MATH = YES;
				ONLY_ACTIVE_ARCH = YES;
				SDKROOT = iphoneos;
				SWIFT_ACTIVE_COMPILATION_CONDITIONS = DEBUG;
				SWIFT_OPTIMIZATION_LEVEL = "-Onone";
			};
			name = Debug;
		};
		1A220C48256DF35A00594852 /* Release */ = {
			isa = XCBuildConfiguration;
			buildSettings = {
				ALWAYS_SEARCH_USER_PATHS = NO;
				CLANG_ANALYZER_NONNULL = YES;
				CLANG_ANALYZER_NUMBER_OBJECT_CONVERSION = YES_AGGRESSIVE;
				CLANG_CXX_LANGUAGE_STANDARD = "gnu++14";
				CLANG_CXX_LIBRARY = "libc++";
				CLANG_ENABLE_MODULES = YES;
				CLANG_ENABLE_OBJC_ARC = YES;
				CLANG_ENABLE_OBJC_WEAK = YES;
				CLANG_WARN_BLOCK_CAPTURE_AUTORELEASING = YES;
				CLANG_WARN_BOOL_CONVERSION = YES;
				CLANG_WARN_COMMA = YES;
				CLANG_WARN_CONSTANT_CONVERSION = YES;
				CLANG_WARN_DEPRECATED_OBJC_IMPLEMENTATIONS = YES;
				CLANG_WARN_DIRECT_OBJC_ISA_USAGE = YES_ERROR;
				CLANG_WARN_DOCUMENTATION_COMMENTS = YES;
				CLANG_WARN_EMPTY_BODY = YES;
				CLANG_WARN_ENUM_CONVERSION = YES;
				CLANG_WARN_INFINITE_RECURSION = YES;
				CLANG_WARN_INT_CONVERSION = YES;
				CLANG_WARN_NON_LITERAL_NULL_CONVERSION = YES;
				CLANG_WARN_OBJC_IMPLICIT_RETAIN_SELF = YES;
				CLANG_WARN_OBJC_LITERAL_CONVERSION = YES;
				CLANG_WARN_OBJC_ROOT_CLASS = YES_ERROR;
				CLANG_WARN_QUOTED_INCLUDE_IN_FRAMEWORK_HEADER = YES;
				CLANG_WARN_RANGE_LOOP_ANALYSIS = YES;
				CLANG_WARN_STRICT_PROTOTYPES = YES;
				CLANG_WARN_SUSPICIOUS_MOVE = YES;
				CLANG_WARN_UNGUARDED_AVAILABILITY = YES_AGGRESSIVE;
				CLANG_WARN_UNREACHABLE_CODE = YES;
				CLANG_WARN__DUPLICATE_METHOD_MATCH = YES;
				COPY_PHASE_STRIP = NO;
				DEBUG_INFORMATION_FORMAT = "dwarf-with-dsym";
				ENABLE_NS_ASSERTIONS = NO;
				ENABLE_STRICT_OBJC_MSGSEND = YES;
				GCC_C_LANGUAGE_STANDARD = gnu11;
				GCC_NO_COMMON_BLOCKS = YES;
				GCC_WARN_64_TO_32_BIT_CONVERSION = YES;
				GCC_WARN_ABOUT_RETURN_TYPE = YES_ERROR;
				GCC_WARN_UNDECLARED_SELECTOR = YES;
				GCC_WARN_UNINITIALIZED_AUTOS = YES_AGGRESSIVE;
				GCC_WARN_UNUSED_FUNCTION = YES;
				GCC_WARN_UNUSED_VARIABLE = YES;
				IPHONEOS_DEPLOYMENT_TARGET = 14.2;
				MTL_ENABLE_DEBUG_INFO = NO;
				MTL_FAST_MATH = YES;
				SDKROOT = iphoneos;
				SWIFT_COMPILATION_MODE = wholemodule;
				SWIFT_OPTIMIZATION_LEVEL = "-O";
				VALIDATE_PRODUCT = YES;
			};
			name = Release;
		};
		1A220C4A256DF35A00594852 /* Debug */ = {
			isa = XCBuildConfiguration;
			baseConfigurationReference = 004EC772AB9C7A80E5C125DC /* Pods-testCocoaPodsLaunchTime_viaCocoaPods.debug.xcconfig */;
			buildSettings = {
				ASSETCATALOG_COMPILER_APPICON_NAME = AppIcon;
				ASSETCATALOG_COMPILER_GLOBAL_ACCENT_COLOR_NAME = AccentColor;
				CODE_SIGN_ENTITLEMENTS = testCocoaPodsLaunchTime_viaCocoaPods.entitlements;
				CODE_SIGN_STYLE = Automatic;
				DEVELOPMENT_TEAM = H5BVQ8XRL4;
				INFOPLIST_FILE = testCocoaPodsLaunchTime/Info.plist;
				"IPHONEOS_DEPLOYMENT_TARGET[sdk=macosx*]" = 13.5;
				LD_RUNPATH_SEARCH_PATHS = (
					"$(inherited)",
					"@executable_path/Frameworks",
				);
				PRODUCT_BUNDLE_IDENTIFIER = com.goodnotes.testCocoaPodsLaunchTime;
				PRODUCT_NAME = "$(TARGET_NAME)";
				SUPPORTS_MACCATALYST = YES;
				SWIFT_VERSION = 5.0;
				TARGETED_DEVICE_FAMILY = "1,2";
			};
			name = Debug;
		};
		1A220C4B256DF35A00594852 /* Release */ = {
			isa = XCBuildConfiguration;
			baseConfigurationReference = E99D96DB5A24DB5DB1D14328 /* Pods-testCocoaPodsLaunchTime_viaCocoaPods.release.xcconfig */;
			buildSettings = {
				ASSETCATALOG_COMPILER_APPICON_NAME = AppIcon;
				ASSETCATALOG_COMPILER_GLOBAL_ACCENT_COLOR_NAME = AccentColor;
				CODE_SIGN_ENTITLEMENTS = testCocoaPodsLaunchTime_viaCocoaPods.entitlements;
				CODE_SIGN_STYLE = Automatic;
				DEVELOPMENT_TEAM = H5BVQ8XRL4;
				INFOPLIST_FILE = testCocoaPodsLaunchTime/Info.plist;
				"IPHONEOS_DEPLOYMENT_TARGET[sdk=macosx*]" = 13.5;
				LD_RUNPATH_SEARCH_PATHS = (
					"$(inherited)",
					"@executable_path/Frameworks",
				);
				PRODUCT_BUNDLE_IDENTIFIER = com.goodnotes.testCocoaPodsLaunchTime;
				PRODUCT_NAME = "$(TARGET_NAME)";
				SUPPORTS_MACCATALYST = YES;
				SWIFT_VERSION = 5.0;
				TARGETED_DEVICE_FAMILY = "1,2";
			};
			name = Release;
		};
		1A220C4D256DF35A00594852 /* Debug */ = {
			isa = XCBuildConfiguration;
			baseConfigurationReference = BF0916CD0BDFE7A8DF6D9E8C /* Pods-testCocoaPodsLaunchTimeTests.debug.xcconfig */;
			buildSettings = {
				ALWAYS_EMBED_SWIFT_STANDARD_LIBRARIES = YES;
				BUNDLE_LOADER = "$(TEST_HOST)";
				CODE_SIGN_STYLE = Automatic;
				DEVELOPMENT_TEAM = H5BVQ8XRL4;
				INFOPLIST_FILE = testCocoaPodsLaunchTimeTests/Info.plist;
				IPHONEOS_DEPLOYMENT_TARGET = 14.2;
				LD_RUNPATH_SEARCH_PATHS = (
					"$(inherited)",
					"@executable_path/Frameworks",
					"@loader_path/Frameworks",
				);
				PRODUCT_BUNDLE_IDENTIFIER = com.goodnotes.testCocoaPodsLaunchTimeTests;
				PRODUCT_NAME = "$(TARGET_NAME)";
				SWIFT_VERSION = 5.0;
				TARGETED_DEVICE_FAMILY = "1,2";
				TEST_HOST = "$(BUILT_PRODUCTS_DIR)/testCocoaPodsLaunchTime.app/testCocoaPodsLaunchTime";
			};
			name = Debug;
		};
		1A220C4E256DF35A00594852 /* Release */ = {
			isa = XCBuildConfiguration;
			baseConfigurationReference = 897740C28D1E3A093D3CD207 /* Pods-testCocoaPodsLaunchTimeTests.release.xcconfig */;
			buildSettings = {
				ALWAYS_EMBED_SWIFT_STANDARD_LIBRARIES = YES;
				BUNDLE_LOADER = "$(TEST_HOST)";
				CODE_SIGN_STYLE = Automatic;
				DEVELOPMENT_TEAM = H5BVQ8XRL4;
				INFOPLIST_FILE = testCocoaPodsLaunchTimeTests/Info.plist;
				IPHONEOS_DEPLOYMENT_TARGET = 14.2;
				LD_RUNPATH_SEARCH_PATHS = (
					"$(inherited)",
					"@executable_path/Frameworks",
					"@loader_path/Frameworks",
				);
				PRODUCT_BUNDLE_IDENTIFIER = com.goodnotes.testCocoaPodsLaunchTimeTests;
				PRODUCT_NAME = "$(TARGET_NAME)";
				SWIFT_VERSION = 5.0;
				TARGETED_DEVICE_FAMILY = "1,2";
				TEST_HOST = "$(BUILT_PRODUCTS_DIR)/testCocoaPodsLaunchTime.app/testCocoaPodsLaunchTime";
			};
			name = Release;
		};
		1A220C50256DF35A00594852 /* Debug */ = {
			isa = XCBuildConfiguration;
			baseConfigurationReference = CA651E744051DCA09ECD05B0 /* Pods-testCocoaPodsLaunchTime_viaCocoaPods-testCocoaPodsLaunchTimeUITests.debug.xcconfig */;
			buildSettings = {
				ALWAYS_EMBED_SWIFT_STANDARD_LIBRARIES = YES;
				CODE_SIGN_STYLE = Automatic;
				DEVELOPMENT_TEAM = H5BVQ8XRL4;
				INFOPLIST_FILE = testCocoaPodsLaunchTimeUITests/Info.plist;
				LD_RUNPATH_SEARCH_PATHS = (
					"$(inherited)",
					"@executable_path/Frameworks",
					"@loader_path/Frameworks",
				);
				PRODUCT_BUNDLE_IDENTIFIER = com.goodnotes.testCocoaPodsLaunchTimeUITests;
				PRODUCT_NAME = "$(TARGET_NAME)";
				SWIFT_VERSION = 5.0;
				TARGETED_DEVICE_FAMILY = "1,2";
				TEST_TARGET_NAME = testCocoaPodsLaunchTime;
			};
			name = Debug;
		};
		1A220C51256DF35A00594852 /* Release */ = {
			isa = XCBuildConfiguration;
			baseConfigurationReference = 73D21CA5D0368AD8CC26A7AC /* Pods-testCocoaPodsLaunchTime_viaCocoaPods-testCocoaPodsLaunchTimeUITests.release.xcconfig */;
			buildSettings = {
				ALWAYS_EMBED_SWIFT_STANDARD_LIBRARIES = YES;
				CODE_SIGN_STYLE = Automatic;
				DEVELOPMENT_TEAM = H5BVQ8XRL4;
				INFOPLIST_FILE = testCocoaPodsLaunchTimeUITests/Info.plist;
				LD_RUNPATH_SEARCH_PATHS = (
					"$(inherited)",
					"@executable_path/Frameworks",
					"@loader_path/Frameworks",
				);
				PRODUCT_BUNDLE_IDENTIFIER = com.goodnotes.testCocoaPodsLaunchTimeUITests;
				PRODUCT_NAME = "$(TARGET_NAME)";
				SWIFT_VERSION = 5.0;
				TARGETED_DEVICE_FAMILY = "1,2";
				TEST_TARGET_NAME = testCocoaPodsLaunchTime;
			};
			name = Release;
		};
		1A220C60256DF35D00594852 /* Debug */ = {
			isa = XCBuildConfiguration;
			baseConfigurationReference = A5FAEB1B15849C0BDEDFFA96 /* Pods-testCocoaPodsLaunchTime_noPods.debug.xcconfig */;
			buildSettings = {
				ASSETCATALOG_COMPILER_APPICON_NAME = AppIcon;
				ASSETCATALOG_COMPILER_GLOBAL_ACCENT_COLOR_NAME = AccentColor;
				CODE_SIGN_ENTITLEMENTS = testCocoaPodsLaunchTime_noPods.entitlements;
				CODE_SIGN_STYLE = Automatic;
				DEVELOPMENT_TEAM = H5BVQ8XRL4;
				INFOPLIST_FILE = "testCocoaPodsLaunchTime_noPods-Info.plist";
				"IPHONEOS_DEPLOYMENT_TARGET[sdk=macosx*]" = 13.5;
				LD_RUNPATH_SEARCH_PATHS = (
					"$(inherited)",
					"@executable_path/Frameworks",
				);
				PRODUCT_BUNDLE_IDENTIFIER = com.goodnotes.testCocoaPodsLaunchTime;
				PRODUCT_NAME = "$(TARGET_NAME)";
				SUPPORTS_MACCATALYST = YES;
				SWIFT_VERSION = 5.0;
				TARGETED_DEVICE_FAMILY = "1,2";
			};
			name = Debug;
		};
		1A220C61256DF35D00594852 /* Release */ = {
			isa = XCBuildConfiguration;
			baseConfigurationReference = 444D6ACFD10BDED2FF6E3D43 /* Pods-testCocoaPodsLaunchTime_noPods.release.xcconfig */;
			buildSettings = {
				ASSETCATALOG_COMPILER_APPICON_NAME = AppIcon;
				ASSETCATALOG_COMPILER_GLOBAL_ACCENT_COLOR_NAME = AccentColor;
				CODE_SIGN_ENTITLEMENTS = testCocoaPodsLaunchTime_noPods.entitlements;
				CODE_SIGN_STYLE = Automatic;
				DEVELOPMENT_TEAM = H5BVQ8XRL4;
				INFOPLIST_FILE = "testCocoaPodsLaunchTime_noPods-Info.plist";
				"IPHONEOS_DEPLOYMENT_TARGET[sdk=macosx*]" = 13.5;
				LD_RUNPATH_SEARCH_PATHS = (
					"$(inherited)",
					"@executable_path/Frameworks",
				);
				PRODUCT_BUNDLE_IDENTIFIER = com.goodnotes.testCocoaPodsLaunchTime;
				PRODUCT_NAME = "$(TARGET_NAME)";
				SUPPORTS_MACCATALYST = YES;
				SWIFT_VERSION = 5.0;
				TARGETED_DEVICE_FAMILY = "1,2";
			};
			name = Release;
		};
		1A88CC51256E0A7800B80C8C /* Debug */ = {
			isa = XCBuildConfiguration;
			baseConfigurationReference = 7187D6C3E2A3E415FBE5186C /* Pods-testCocoaPodsLaunchTime_viaFramework.debug.xcconfig */;
			buildSettings = {
				ASSETCATALOG_COMPILER_APPICON_NAME = AppIcon;
				ASSETCATALOG_COMPILER_GLOBAL_ACCENT_COLOR_NAME = AccentColor;
				CODE_SIGN_ENTITLEMENTS = testCocoaPodsLaunchTime_viaFramework.entitlements;
				CODE_SIGN_STYLE = Automatic;
				DEVELOPMENT_TEAM = H5BVQ8XRL4;
				INFOPLIST_FILE = "testCocoaPodsLaunchTime_viaFramework-Info.plist";
				"IPHONEOS_DEPLOYMENT_TARGET[sdk=macosx*]" = 13.5;
				LD_RUNPATH_SEARCH_PATHS = (
					"$(inherited)",
					"@executable_path/Frameworks",
				);
				PRODUCT_BUNDLE_IDENTIFIER = com.goodnotes.testCocoaPodsLaunchTime;
				PRODUCT_NAME = "$(TARGET_NAME)";
				SUPPORTS_MACCATALYST = YES;
				SWIFT_VERSION = 5.0;
				TARGETED_DEVICE_FAMILY = "1,2";
			};
			name = Debug;
		};
		1A88CC52256E0A7800B80C8C /* Release */ = {
			isa = XCBuildConfiguration;
			baseConfigurationReference = BA347286BFFFA54AD5FD9C43 /* Pods-testCocoaPodsLaunchTime_viaFramework.release.xcconfig */;
			buildSettings = {
				ASSETCATALOG_COMPILER_APPICON_NAME = AppIcon;
				ASSETCATALOG_COMPILER_GLOBAL_ACCENT_COLOR_NAME = AccentColor;
				CODE_SIGN_ENTITLEMENTS = testCocoaPodsLaunchTime_viaFramework.entitlements;
				CODE_SIGN_STYLE = Automatic;
				DEVELOPMENT_TEAM = H5BVQ8XRL4;
				INFOPLIST_FILE = "testCocoaPodsLaunchTime_viaFramework-Info.plist";
				"IPHONEOS_DEPLOYMENT_TARGET[sdk=macosx*]" = 13.5;
				LD_RUNPATH_SEARCH_PATHS = (
					"$(inherited)",
					"@executable_path/Frameworks",
				);
				PRODUCT_BUNDLE_IDENTIFIER = com.goodnotes.testCocoaPodsLaunchTime;
				PRODUCT_NAME = "$(TARGET_NAME)";
				SUPPORTS_MACCATALYST = YES;
				SWIFT_VERSION = 5.0;
				TARGETED_DEVICE_FAMILY = "1,2";
			};
			name = Release;
		};
/* End XCBuildConfiguration section */

/* Begin XCConfigurationList section */
		1A220C1A256DF35900594852 /* Build configuration list for PBXProject "testCocoaPodsLaunchTime" */ = {
			isa = XCConfigurationList;
			buildConfigurations = (
				1A220C47256DF35A00594852 /* Debug */,
				1A220C48256DF35A00594852 /* Release */,
			);
			defaultConfigurationIsVisible = 0;
			defaultConfigurationName = Release;
		};
		1A220C49256DF35A00594852 /* Build configuration list for PBXNativeTarget "testCocoaPodsLaunchTime_viaCocoaPods" */ = {
			isa = XCConfigurationList;
			buildConfigurations = (
				1A220C4A256DF35A00594852 /* Debug */,
				1A220C4B256DF35A00594852 /* Release */,
			);
			defaultConfigurationIsVisible = 0;
			defaultConfigurationName = Release;
		};
		1A220C4C256DF35A00594852 /* Build configuration list for PBXNativeTarget "testCocoaPodsLaunchTimeTests" */ = {
			isa = XCConfigurationList;
			buildConfigurations = (
				1A220C4D256DF35A00594852 /* Debug */,
				1A220C4E256DF35A00594852 /* Release */,
			);
			defaultConfigurationIsVisible = 0;
			defaultConfigurationName = Release;
		};
		1A220C4F256DF35A00594852 /* Build configuration list for PBXNativeTarget "testCocoaPodsLaunchTimeUITests" */ = {
			isa = XCConfigurationList;
			buildConfigurations = (
				1A220C50256DF35A00594852 /* Debug */,
				1A220C51256DF35A00594852 /* Release */,
			);
			defaultConfigurationIsVisible = 0;
			defaultConfigurationName = Release;
		};
		1A220C5F256DF35D00594852 /* Build configuration list for PBXNativeTarget "testCocoaPodsLaunchTime_noPods" */ = {
			isa = XCConfigurationList;
			buildConfigurations = (
				1A220C60256DF35D00594852 /* Debug */,
				1A220C61256DF35D00594852 /* Release */,
			);
			defaultConfigurationIsVisible = 0;
			defaultConfigurationName = Release;
		};
		1A88CC50256E0A7800B80C8C /* Build configuration list for PBXNativeTarget "testCocoaPodsLaunchTime_viaFramework" */ = {
			isa = XCConfigurationList;
			buildConfigurations = (
				1A88CC51256E0A7800B80C8C /* Debug */,
				1A88CC52256E0A7800B80C8C /* Release */,
			);
			defaultConfigurationIsVisible = 0;
			defaultConfigurationName = Release;
		};
/* End XCConfigurationList section */
	};
	rootObject = 1A220C17256DF35900594852 /* Project object */;
}
